// !$*UTF8*$!
{
	archiveVersion = 1;
	classes = {
	};
	objectVersion = 46;
	objects = {

/* Begin PBXBuildFile section */
		6E540616012F885F6ED68D6E /* Pods_YouTube_Player_iOS_Helper_Sample.framework in Frameworks */ = {isa = PBXBuildFile; fileRef = 288B466EB22230D95C23FA7B /* Pods_YouTube_Player_iOS_Helper_Sample.framework */; };
		9A2F74171EF5107A00622AC1 /* HomeViewController.swift in Sources */ = {isa = PBXBuildFile; fileRef = 9A2F74151EF5107A00622AC1 /* HomeViewController.swift */; };
		9A2F74181EF5107A00622AC1 /* HomeViewController.xib in Resources */ = {isa = PBXBuildFile; fileRef = 9A2F74161EF5107A00622AC1 /* HomeViewController.xib */; };
		9A4F9E921EF50B89000EDBD4 /* AppDelegate.swift in Sources */ = {isa = PBXBuildFile; fileRef = 9A4F9E911EF50B89000EDBD4 /* AppDelegate.swift */; };
		9A4F9E991EF50B89000EDBD4 /* Assets.xcassets in Resources */ = {isa = PBXBuildFile; fileRef = 9A4F9E981EF50B89000EDBD4 /* Assets.xcassets */; };
		9A4F9E9C1EF50B89000EDBD4 /* LaunchScreen.storyboard in Resources */ = {isa = PBXBuildFile; fileRef = 9A4F9E9A1EF50B89000EDBD4 /* LaunchScreen.storyboard */; };
		9A4F9EA71EF50B89000EDBD4 /* YouTube_Player_iOS_Helper_SampleTests.swift in Sources */ = {isa = PBXBuildFile; fileRef = 9A4F9EA61EF50B89000EDBD4 /* YouTube_Player_iOS_Helper_SampleTests.swift */; };
		9A4F9EB21EF50B89000EDBD4 /* YouTube_Player_iOS_Helper_SampleUITests.swift in Sources */ = {isa = PBXBuildFile; fileRef = 9A4F9EB11EF50B89000EDBD4 /* YouTube_Player_iOS_Helper_SampleUITests.swift */; };
/* End PBXBuildFile section */

/* Begin PBXContainerItemProxy section */
		9A4F9EA31EF50B89000EDBD4 /* PBXContainerItemProxy */ = {
			isa = PBXContainerItemProxy;
			containerPortal = 9A4F9E861EF50B89000EDBD4 /* Project object */;
			proxyType = 1;
			remoteGlobalIDString = 9A4F9E8D1EF50B89000EDBD4;
			remoteInfo = "YouTube-Player-iOS-Helper-Sample";
		};
		9A4F9EAE1EF50B89000EDBD4 /* PBXContainerItemProxy */ = {
			isa = PBXContainerItemProxy;
			containerPortal = 9A4F9E861EF50B89000EDBD4 /* Project object */;
			proxyType = 1;
			remoteGlobalIDString = 9A4F9E8D1EF50B89000EDBD4;
			remoteInfo = "YouTube-Player-iOS-Helper-Sample";
		};
/* End PBXContainerItemProxy section */

/* Begin PBXFileReference section */
		288B466EB22230D95C23FA7B /* Pods_YouTube_Player_iOS_Helper_Sample.framework */ = {isa = PBXFileReference; explicitFileType = wrapper.framework; includeInIndex = 0; path = Pods_YouTube_Player_iOS_Helper_Sample.framework; sourceTree = BUILT_PRODUCTS_DIR; };
		35B13B247D1FD2829187CE68 /* Pods-YouTube-Player-iOS-Helper-Sample.debug.xcconfig */ = {isa = PBXFileReference; includeInIndex = 1; lastKnownFileType = text.xcconfig; name = "Pods-YouTube-Player-iOS-Helper-Sample.debug.xcconfig"; path = "Pods/Target Support Files/Pods-YouTube-Player-iOS-Helper-Sample/Pods-YouTube-Player-iOS-Helper-Sample.debug.xcconfig"; sourceTree = "<group>"; };
		5EC08158A084B1611367C536 /* Pods-YouTube-Player-iOS-Helper-Sample.release.xcconfig */ = {isa = PBXFileReference; includeInIndex = 1; lastKnownFileType = text.xcconfig; name = "Pods-YouTube-Player-iOS-Helper-Sample.release.xcconfig"; path = "Pods/Target Support Files/Pods-YouTube-Player-iOS-Helper-Sample/Pods-YouTube-Player-iOS-Helper-Sample.release.xcconfig"; sourceTree = "<group>"; };
		9A2F74151EF5107A00622AC1 /* HomeViewController.swift */ = {isa = PBXFileReference; fileEncoding = 4; lastKnownFileType = sourcecode.swift; path = HomeViewController.swift; sourceTree = "<group>"; };
		9A2F74161EF5107A00622AC1 /* HomeViewController.xib */ = {isa = PBXFileReference; fileEncoding = 4; lastKnownFileType = file.xib; path = HomeViewController.xib; sourceTree = "<group>"; };
		9A4F9E8E1EF50B89000EDBD4 /* YouTube-Player-iOS-Helper-Sample.app */ = {isa = PBXFileReference; explicitFileType = wrapper.application; includeInIndex = 0; path = "YouTube-Player-iOS-Helper-Sample.app"; sourceTree = BUILT_PRODUCTS_DIR; };
		9A4F9E911EF50B89000EDBD4 /* AppDelegate.swift */ = {isa = PBXFileReference; lastKnownFileType = sourcecode.swift; path = AppDelegate.swift; sourceTree = "<group>"; };
		9A4F9E981EF50B89000EDBD4 /* Assets.xcassets */ = {isa = PBXFileReference; lastKnownFileType = folder.assetcatalog; path = Assets.xcassets; sourceTree = "<group>"; };
		9A4F9E9B1EF50B89000EDBD4 /* Base */ = {isa = PBXFileReference; lastKnownFileType = file.storyboard; name = Base; path = Base.lproj/LaunchScreen.storyboard; sourceTree = "<group>"; };
		9A4F9E9D1EF50B89000EDBD4 /* Info.plist */ = {isa = PBXFileReference; lastKnownFileType = text.plist.xml; path = Info.plist; sourceTree = "<group>"; };
		9A4F9EA21EF50B89000EDBD4 /* YouTube-Player-iOS-Helper-SampleTests.xctest */ = {isa = PBXFileReference; explicitFileType = wrapper.cfbundle; includeInIndex = 0; path = "YouTube-Player-iOS-Helper-SampleTests.xctest"; sourceTree = BUILT_PRODUCTS_DIR; };
		9A4F9EA61EF50B89000EDBD4 /* YouTube_Player_iOS_Helper_SampleTests.swift */ = {isa = PBXFileReference; lastKnownFileType = sourcecode.swift; path = YouTube_Player_iOS_Helper_SampleTests.swift; sourceTree = "<group>"; };
		9A4F9EA81EF50B89000EDBD4 /* Info.plist */ = {isa = PBXFileReference; lastKnownFileType = text.plist.xml; path = Info.plist; sourceTree = "<group>"; };
		9A4F9EAD1EF50B89000EDBD4 /* YouTube-Player-iOS-Helper-SampleUITests.xctest */ = {isa = PBXFileReference; explicitFileType = wrapper.cfbundle; includeInIndex = 0; path = "YouTube-Player-iOS-Helper-SampleUITests.xctest"; sourceTree = BUILT_PRODUCTS_DIR; };
		9A4F9EB11EF50B89000EDBD4 /* YouTube_Player_iOS_Helper_SampleUITests.swift */ = {isa = PBXFileReference; lastKnownFileType = sourcecode.swift; path = YouTube_Player_iOS_Helper_SampleUITests.swift; sourceTree = "<group>"; };
		9A4F9EB31EF50B89000EDBD4 /* Info.plist */ = {isa = PBXFileReference; lastKnownFileType = text.plist.xml; path = Info.plist; sourceTree = "<group>"; };
/* End PBXFileReference section */

/* Begin PBXFrameworksBuildPhase section */
		9A4F9E8B1EF50B89000EDBD4 /* Frameworks */ = {
			isa = PBXFrameworksBuildPhase;
			buildActionMask = 2147483647;
			files = (
				6E540616012F885F6ED68D6E /* Pods_YouTube_Player_iOS_Helper_Sample.framework in Frameworks */,
			);
			runOnlyForDeploymentPostprocessing = 0;
		};
		9A4F9E9F1EF50B89000EDBD4 /* Frameworks */ = {
			isa = PBXFrameworksBuildPhase;
			buildActionMask = 2147483647;
			files = (
			);
			runOnlyForDeploymentPostprocessing = 0;
		};
		9A4F9EAA1EF50B89000EDBD4 /* Frameworks */ = {
			isa = PBXFrameworksBuildPhase;
			buildActionMask = 2147483647;
			files = (
			);
			runOnlyForDeploymentPostprocessing = 0;
		};
/* End PBXFrameworksBuildPhase section */

/* Begin PBXGroup section */
		513CD89FBEC833534487AE3C /* Pods */ = {
			isa = PBXGroup;
			children = (
				35B13B247D1FD2829187CE68 /* Pods-YouTube-Player-iOS-Helper-Sample.debug.xcconfig */,
				5EC08158A084B1611367C536 /* Pods-YouTube-Player-iOS-Helper-Sample.release.xcconfig */,
			);
			name = Pods;
			sourceTree = "<group>";
		};
		653B36EC28A81717FF03F550 /* Frameworks */ = {
			isa = PBXGroup;
			children = (
				288B466EB22230D95C23FA7B /* Pods_YouTube_Player_iOS_Helper_Sample.framework */,
			);
			name = Frameworks;
			sourceTree = "<group>";
		};
		9A4F9E851EF50B89000EDBD4 = {
			isa = PBXGroup;
			children = (
				9A4F9E901EF50B89000EDBD4 /* YouTube-Player-iOS-Helper-Sample */,
				9A4F9EA51EF50B89000EDBD4 /* YouTube-Player-iOS-Helper-SampleTests */,
				9A4F9EB01EF50B89000EDBD4 /* YouTube-Player-iOS-Helper-SampleUITests */,
				9A4F9E8F1EF50B89000EDBD4 /* Products */,
				513CD89FBEC833534487AE3C /* Pods */,
				653B36EC28A81717FF03F550 /* Frameworks */,
			);
			sourceTree = "<group>";
		};
		9A4F9E8F1EF50B89000EDBD4 /* Products */ = {
			isa = PBXGroup;
			children = (
				9A4F9E8E1EF50B89000EDBD4 /* YouTube-Player-iOS-Helper-Sample.app */,
				9A4F9EA21EF50B89000EDBD4 /* YouTube-Player-iOS-Helper-SampleTests.xctest */,
				9A4F9EAD1EF50B89000EDBD4 /* YouTube-Player-iOS-Helper-SampleUITests.xctest */,
			);
			name = Products;
			sourceTree = "<group>";
		};
		9A4F9E901EF50B89000EDBD4 /* YouTube-Player-iOS-Helper-Sample */ = {
			isa = PBXGroup;
			children = (
				9A4F9E911EF50B89000EDBD4 /* AppDelegate.swift */,
				9A4F9E981EF50B89000EDBD4 /* Assets.xcassets */,
				9A4F9E9A1EF50B89000EDBD4 /* LaunchScreen.storyboard */,
				9A4F9E9D1EF50B89000EDBD4 /* Info.plist */,
				9A2F74151EF5107A00622AC1 /* HomeViewController.swift */,
				9A2F74161EF5107A00622AC1 /* HomeViewController.xib */,
			);
			path = "YouTube-Player-iOS-Helper-Sample";
			sourceTree = "<group>";
		};
		9A4F9EA51EF50B89000EDBD4 /* YouTube-Player-iOS-Helper-SampleTests */ = {
			isa = PBXGroup;
			children = (
				9A4F9EA61EF50B89000EDBD4 /* YouTube_Player_iOS_Helper_SampleTests.swift */,
				9A4F9EA81EF50B89000EDBD4 /* Info.plist */,
			);
			path = "YouTube-Player-iOS-Helper-SampleTests";
			sourceTree = "<group>";
		};
		9A4F9EB01EF50B89000EDBD4 /* YouTube-Player-iOS-Helper-SampleUITests */ = {
			isa = PBXGroup;
			children = (
				9A4F9EB11EF50B89000EDBD4 /* YouTube_Player_iOS_Helper_SampleUITests.swift */,
				9A4F9EB31EF50B89000EDBD4 /* Info.plist */,
			);
			path = "YouTube-Player-iOS-Helper-SampleUITests";
			sourceTree = "<group>";
		};
/* End PBXGroup section */

/* Begin PBXNativeTarget section */
		9A4F9E8D1EF50B89000EDBD4 /* YouTube-Player-iOS-Helper-Sample */ = {
			isa = PBXNativeTarget;
			buildConfigurationList = 9A4F9EB61EF50B89000EDBD4 /* Build configuration list for PBXNativeTarget "YouTube-Player-iOS-Helper-Sample" */;
			buildPhases = (
				F743B84AEF8A4DF1A52DF6F9 /* [CP] Check Pods Manifest.lock */,
				9A4F9E8A1EF50B89000EDBD4 /* Sources */,
				9A4F9E8B1EF50B89000EDBD4 /* Frameworks */,
				9A4F9E8C1EF50B89000EDBD4 /* Resources */,
				6386131F59ECE67EAE146276 /* [CP] Embed Pods Frameworks */,
				72A467BC89E89177791C805C /* [CP] Copy Pods Resources */,
			);
			buildRules = (
			);
			dependencies = (
			);
			name = "YouTube-Player-iOS-Helper-Sample";
			productName = "YouTube-Player-iOS-Helper-Sample";
			productReference = 9A4F9E8E1EF50B89000EDBD4 /* YouTube-Player-iOS-Helper-Sample.app */;
			productType = "com.apple.product-type.application";
		};
		9A4F9EA11EF50B89000EDBD4 /* YouTube-Player-iOS-Helper-SampleTests */ = {
			isa = PBXNativeTarget;
			buildConfigurationList = 9A4F9EB91EF50B89000EDBD4 /* Build configuration list for PBXNativeTarget "YouTube-Player-iOS-Helper-SampleTests" */;
			buildPhases = (
				9A4F9E9E1EF50B89000EDBD4 /* Sources */,
				9A4F9E9F1EF50B89000EDBD4 /* Frameworks */,
				9A4F9EA01EF50B89000EDBD4 /* Resources */,
			);
			buildRules = (
			);
			dependencies = (
				9A4F9EA41EF50B89000EDBD4 /* PBXTargetDependency */,
			);
			name = "YouTube-Player-iOS-Helper-SampleTests";
			productName = "YouTube-Player-iOS-Helper-SampleTests";
			productReference = 9A4F9EA21EF50B89000EDBD4 /* YouTube-Player-iOS-Helper-SampleTests.xctest */;
			productType = "com.apple.product-type.bundle.unit-test";
		};
		9A4F9EAC1EF50B89000EDBD4 /* YouTube-Player-iOS-Helper-SampleUITests */ = {
			isa = PBXNativeTarget;
			buildConfigurationList = 9A4F9EBC1EF50B89000EDBD4 /* Build configuration list for PBXNativeTarget "YouTube-Player-iOS-Helper-SampleUITests" */;
			buildPhases = (
				9A4F9EA91EF50B89000EDBD4 /* Sources */,
				9A4F9EAA1EF50B89000EDBD4 /* Frameworks */,
				9A4F9EAB1EF50B89000EDBD4 /* Resources */,
			);
			buildRules = (
			);
			dependencies = (
				9A4F9EAF1EF50B89000EDBD4 /* PBXTargetDependency */,
			);
			name = "YouTube-Player-iOS-Helper-SampleUITests";
			productName = "YouTube-Player-iOS-Helper-SampleUITests";
			productReference = 9A4F9EAD1EF50B89000EDBD4 /* YouTube-Player-iOS-Helper-SampleUITests.xctest */;
			productType = "com.apple.product-type.bundle.ui-testing";
		};
/* End PBXNativeTarget section */

/* Begin PBXProject section */
		9A4F9E861EF50B89000EDBD4 /* Project object */ = {
			isa = PBXProject;
			attributes = {
				LastSwiftUpdateCheck = 0830;
				LastUpgradeCheck = 0830;
				ORGANIZATIONNAME = "Miyazaki Kazuma";
				TargetAttributes = {
					9A4F9E8D1EF50B89000EDBD4 = {
						CreatedOnToolsVersion = 8.3.3;
						DevelopmentTeam = HAM5D7VNY5;
						ProvisioningStyle = Automatic;
					};
					9A4F9EA11EF50B89000EDBD4 = {
						CreatedOnToolsVersion = 8.3.3;
						DevelopmentTeam = HAM5D7VNY5;
						ProvisioningStyle = Automatic;
						TestTargetID = 9A4F9E8D1EF50B89000EDBD4;
					};
					9A4F9EAC1EF50B89000EDBD4 = {
						CreatedOnToolsVersion = 8.3.3;
						DevelopmentTeam = HAM5D7VNY5;
						ProvisioningStyle = Automatic;
						TestTargetID = 9A4F9E8D1EF50B89000EDBD4;
					};
				};
			};
			buildConfigurationList = 9A4F9E891EF50B89000EDBD4 /* Build configuration list for PBXProject "YouTube-Player-iOS-Helper-Sample" */;
			compatibilityVersion = "Xcode 3.2";
			developmentRegion = English;
			hasScannedForEncodings = 0;
			knownRegions = (
				en,
				Base,
			);
			mainGroup = 9A4F9E851EF50B89000EDBD4;
			productRefGroup = 9A4F9E8F1EF50B89000EDBD4 /* Products */;
			projectDirPath = "";
			projectRoot = "";
			targets = (
				9A4F9E8D1EF50B89000EDBD4 /* YouTube-Player-iOS-Helper-Sample */,
				9A4F9EA11EF50B89000EDBD4 /* YouTube-Player-iOS-Helper-SampleTests */,
				9A4F9EAC1EF50B89000EDBD4 /* YouTube-Player-iOS-Helper-SampleUITests */,
			);
		};
/* End PBXProject section */

/* Begin PBXResourcesBuildPhase section */
		9A4F9E8C1EF50B89000EDBD4 /* Resources */ = {
			isa = PBXResourcesBuildPhase;
			buildActionMask = 2147483647;
			files = (
				9A4F9E9C1EF50B89000EDBD4 /* LaunchScreen.storyboard in Resources */,
				9A4F9E991EF50B89000EDBD4 /* Assets.xcassets in Resources */,
				9A2F74181EF5107A00622AC1 /* HomeViewController.xib in Resources */,
			);
			runOnlyForDeploymentPostprocessing = 0;
		};
		9A4F9EA01EF50B89000EDBD4 /* Resources */ = {
			isa = PBXResourcesBuildPhase;
			buildActionMask = 2147483647;
			files = (
			);
			runOnlyForDeploymentPostprocessing = 0;
		};
		9A4F9EAB1EF50B89000EDBD4 /* Resources */ = {
			isa = PBXResourcesBuildPhase;
			buildActionMask = 2147483647;
			files = (
			);
			runOnlyForDeploymentPostprocessing = 0;
		};
/* End PBXResourcesBuildPhase section */

/* Begin PBXShellScriptBuildPhase section */
		6386131F59ECE67EAE146276 /* [CP] Embed Pods Frameworks */ = {
			isa = PBXShellScriptBuildPhase;
			buildActionMask = 2147483647;
			files = (
			);
			inputPaths = (
			);
			name = "[CP] Embed Pods Frameworks";
			outputPaths = (
			);
			runOnlyForDeploymentPostprocessing = 0;
			shellPath = /bin/sh;
			shellScript = "\"${SRCROOT}/Pods/Target Support Files/Pods-YouTube-Player-iOS-Helper-Sample/Pods-YouTube-Player-iOS-Helper-Sample-frameworks.sh\"\n";
			showEnvVarsInLog = 0;
		};
		72A467BC89E89177791C805C /* [CP] Copy Pods Resources */ = {
			isa = PBXShellScriptBuildPhase;
			buildActionMask = 2147483647;
			files = (
			);
			inputPaths = (
			);
			name = "[CP] Copy Pods Resources";
			outputPaths = (
			);
			runOnlyForDeploymentPostprocessing = 0;
			shellPath = /bin/sh;
			shellScript = "\"${SRCROOT}/Pods/Target Support Files/Pods-YouTube-Player-iOS-Helper-Sample/Pods-YouTube-Player-iOS-Helper-Sample-resources.sh\"\n";
			showEnvVarsInLog = 0;
		};
		F743B84AEF8A4DF1A52DF6F9 /* [CP] Check Pods Manifest.lock */ = {
			isa = PBXShellScriptBuildPhase;
			buildActionMask = 2147483647;
			files = (
			);
			inputPaths = (
			);
			name = "[CP] Check Pods Manifest.lock";
			outputPaths = (
			);
			runOnlyForDeploymentPostprocessing = 0;
			shellPath = /bin/sh;
			shellScript = "diff \"${PODS_PODFILE_DIR_PATH}/Podfile.lock\" \"${PODS_ROOT}/Manifest.lock\" > /dev/null\nif [ $? != 0 ] ; then\n    # print error to STDERR\n    echo \"error: The sandbox is not in sync with the Podfile.lock. Run 'pod install' or update your CocoaPods installation.\" >&2\n    exit 1\nfi\n";
			showEnvVarsInLog = 0;
		};
/* End PBXShellScriptBuildPhase section */

/* Begin PBXSourcesBuildPhase section */
		9A4F9E8A1EF50B89000EDBD4 /* Sources */ = {
			isa = PBXSourcesBuildPhase;
			buildActionMask = 2147483647;
			files = (
				9A4F9E921EF50B89000EDBD4 /* AppDelegate.swift in Sources */,
				9A2F74171EF5107A00622AC1 /* HomeViewController.swift in Sources */,
			);
			runOnlyForDeploymentPostprocessing = 0;
		};
		9A4F9E9E1EF50B89000EDBD4 /* Sources */ = {
			isa = PBXSourcesBuildPhase;
			buildActionMask = 2147483647;
			files = (
				9A4F9EA71EF50B89000EDBD4 /* YouTube_Player_iOS_Helper_SampleTests.swift in Sources */,
			);
			runOnlyForDeploymentPostprocessing = 0;
		};
		9A4F9EA91EF50B89000EDBD4 /* Sources */ = {
			isa = PBXSourcesBuildPhase;
			buildActionMask = 2147483647;
			files = (
				9A4F9EB21EF50B89000EDBD4 /* YouTube_Player_iOS_Helper_SampleUITests.swift in Sources */,
			);
			runOnlyForDeploymentPostprocessing = 0;
		};
/* End PBXSourcesBuildPhase section */

/* Begin PBXTargetDependency section */
		9A4F9EA41EF50B89000EDBD4 /* PBXTargetDependency */ = {
			isa = PBXTargetDependency;
			target = 9A4F9E8D1EF50B89000EDBD4 /* YouTube-Player-iOS-Helper-Sample */;
			targetProxy = 9A4F9EA31EF50B89000EDBD4 /* PBXContainerItemProxy */;
		};
		9A4F9EAF1EF50B89000EDBD4 /* PBXTargetDependency */ = {
			isa = PBXTargetDependency;
			target = 9A4F9E8D1EF50B89000EDBD4 /* YouTube-Player-iOS-Helper-Sample */;
			targetProxy = 9A4F9EAE1EF50B89000EDBD4 /* PBXContainerItemProxy */;
		};
/* End PBXTargetDependency section */

/* Begin PBXVariantGroup section */
		9A4F9E9A1EF50B89000EDBD4 /* LaunchScreen.storyboard */ = {
			isa = PBXVariantGroup;
			children = (
				9A4F9E9B1EF50B89000EDBD4 /* Base */,
			);
			name = LaunchScreen.storyboard;
			sourceTree = "<group>";
		};
/* End PBXVariantGroup section */

/* Begin XCBuildConfiguration section */
		9A4F9EB41EF50B89000EDBD4 /* Debug */ = {
			isa = XCBuildConfiguration;
			buildSettings = {
				ALWAYS_SEARCH_USER_PATHS = NO;
				CLANG_ANALYZER_NONNULL = YES;
				CLANG_ANALYZER_NUMBER_OBJECT_CONVERSION = YES_AGGRESSIVE;
				CLANG_CXX_LANGUAGE_STANDARD = "gnu++0x";
				CLANG_CXX_LIBRARY = "libc++";
				CLANG_ENABLE_MODULES = YES;
				CLANG_ENABLE_OBJC_ARC = YES;
				CLANG_WARN_BOOL_CONVERSION = YES;
				CLANG_WARN_CONSTANT_CONVERSION = YES;
				CLANG_WARN_DIRECT_OBJC_ISA_USAGE = YES_ERROR;
				CLANG_WARN_DOCUMENTATION_COMMENTS = YES;
				CLANG_WARN_EMPTY_BODY = YES;
				CLANG_WARN_ENUM_CONVERSION = YES;
				CLANG_WARN_INFINITE_RECURSION = YES;
				CLANG_WARN_INT_CONVERSION = YES;
				CLANG_WARN_OBJC_ROOT_CLASS = YES_ERROR;
				CLANG_WARN_SUSPICIOUS_MOVE = YES;
				CLANG_WARN_UNREACHABLE_CODE = YES;
				CLANG_WARN__DUPLICATE_METHOD_MATCH = YES;
				"CODE_SIGN_IDENTITY[sdk=iphoneos*]" = "iPhone Developer";
				COPY_PHASE_STRIP = NO;
				DEBUG_INFORMATION_FORMAT = dwarf;
				ENABLE_STRICT_OBJC_MSGSEND = YES;
				ENABLE_TESTABILITY = YES;
				GCC_C_LANGUAGE_STANDARD = gnu99;
				GCC_DYNAMIC_NO_PIC = NO;
				GCC_NO_COMMON_BLOCKS = YES;
				GCC_OPTIMIZATION_LEVEL = 0;
				GCC_PREPROCESSOR_DEFINITIONS = (
					"DEBUG=1",
					"$(inherited)",
				);
				GCC_WARN_64_TO_32_BIT_CONVERSION = YES;
				GCC_WARN_ABOUT_RETURN_TYPE = YES_ERROR;
				GCC_WARN_UNDECLARED_SELECTOR = YES;
				GCC_WARN_UNINITIALIZED_AUTOS = YES_AGGRESSIVE;
				GCC_WARN_UNUSED_FUNCTION = YES;
				GCC_WARN_UNUSED_VARIABLE = YES;
				IPHONEOS_DEPLOYMENT_TARGET = 10.3;
				MTL_ENABLE_DEBUG_INFO = YES;
				ONLY_ACTIVE_ARCH = YES;
				SDKROOT = iphoneos;
				SWIFT_ACTIVE_COMPILATION_CONDITIONS = DEBUG;
				SWIFT_OPTIMIZATION_LEVEL = "-Onone";
				TARGETED_DEVICE_FAMILY = "1,2";
			};
			name = Debug;
		};
		9A4F9EB51EF50B89000EDBD4 /* Release */ = {
			isa = XCBuildConfiguration;
			buildSettings = {
				ALWAYS_SEARCH_USER_PATHS = NO;
				CLANG_ANALYZER_NONNULL = YES;
				CLANG_ANALYZER_NUMBER_OBJECT_CONVERSION = YES_AGGRESSIVE;
				CLANG_CXX_LANGUAGE_STANDARD = "gnu++0x";
				CLANG_CXX_LIBRARY = "libc++";
				CLANG_ENABLE_MODULES = YES;
				CLANG_ENABLE_OBJC_ARC = YES;
				CLANG_WARN_BOOL_CONVERSION = YES;
				CLANG_WARN_CONSTANT_CONVERSION = YES;
				CLANG_WARN_DIRECT_OBJC_ISA_USAGE = YES_ERROR;
				CLANG_WARN_DOCUMENTATION_COMMENTS = YES;
				CLANG_WARN_EMPTY_BODY = YES;
				CLANG_WARN_ENUM_CONVERSION = YES;
				CLANG_WARN_INFINITE_RECURSION = YES;
				CLANG_WARN_INT_CONVERSION = YES;
				CLANG_WARN_OBJC_ROOT_CLASS = YES_ERROR;
				CLANG_WARN_SUSPICIOUS_MOVE = YES;
				CLANG_WARN_UNREACHABLE_CODE = YES;
				CLANG_WARN__DUPLICATE_METHOD_MATCH = YES;
				"CODE_SIGN_IDENTITY[sdk=iphoneos*]" = "iPhone Developer";
				COPY_PHASE_STRIP = NO;
				DEBUG_INFORMATION_FORMAT = "dwarf-with-dsym";
				ENABLE_NS_ASSERTIONS = NO;
				ENABLE_STRICT_OBJC_MSGSEND = YES;
				GCC_C_LANGUAGE_STANDARD = gnu99;
				GCC_NO_COMMON_BLOCKS = YES;
				GCC_WARN_64_TO_32_BIT_CONVERSION = YES;
				GCC_WARN_ABOUT_RETURN_TYPE = YES_ERROR;
				GCC_WARN_UNDECLARED_SELECTOR = YES;
				GCC_WARN_UNINITIALIZED_AUTOS = YES_AGGRESSIVE;
				GCC_WARN_UNUSED_FUNCTION = YES;
				GCC_WARN_UNUSED_VARIABLE = YES;
				IPHONEOS_DEPLOYMENT_TARGET = 10.3;
				MTL_ENABLE_DEBUG_INFO = NO;
				SDKROOT = iphoneos;
				SWIFT_OPTIMIZATION_LEVEL = "-Owholemodule";
				TARGETED_DEVICE_FAMILY = "1,2";
				VALIDATE_PRODUCT = YES;
			};
			name = Release;
		};
		9A4F9EB71EF50B89000EDBD4 /* Debug */ = {
			isa = XCBuildConfiguration;
			baseConfigurationReference = 35B13B247D1FD2829187CE68 /* Pods-YouTube-Player-iOS-Helper-Sample.debug.xcconfig */;
			buildSettings = {
				ASSETCATALOG_COMPILER_APPICON_NAME = AppIcon;
				DEVELOPMENT_TEAM = HAM5D7VNY5;
				INFOPLIST_FILE = "YouTube-Player-iOS-Helper-Sample/Info.plist";
				LD_RUNPATH_SEARCH_PATHS = "$(inherited) @executable_path/Frameworks";
				PRODUCT_BUNDLE_IDENTIFIER = "Miyazaki-Kazuma.YouTube-Player-iOS-Helper-Sample";
				PRODUCT_NAME = "$(TARGET_NAME)";
				SWIFT_VERSION = 3.0;
			};
			name = Debug;
		};
		9A4F9EB81EF50B89000EDBD4 /* Release */ = {
			isa = XCBuildConfiguration;
			baseConfigurationReference = 5EC08158A084B1611367C536 /* Pods-YouTube-Player-iOS-Helper-Sample.release.xcconfig */;
			buildSettings = {
				ASSETCATALOG_COMPILER_APPICON_NAME = AppIcon;
				DEVELOPMENT_TEAM = HAM5D7VNY5;
				INFOPLIST_FILE = "YouTube-Player-iOS-Helper-Sample/Info.plist";
				LD_RUNPATH_SEARCH_PATHS = "$(inherited) @executable_path/Frameworks";
				PRODUCT_BUNDLE_IDENTIFIER = "Miyazaki-Kazuma.YouTube-Player-iOS-Helper-Sample";
				PRODUCT_NAME = "$(TARGET_NAME)";
				SWIFT_VERSION = 3.0;
			};
			name = Release;
		};
		9A4F9EBA1EF50B89000EDBD4 /* Debug */ = {
			isa = XCBuildConfiguration;
			buildSettings = {
				ALWAYS_EMBED_SWIFT_STANDARD_LIBRARIES = YES;
				BUNDLE_LOADER = "$(TEST_HOST)";
				DEVELOPMENT_TEAM = HAM5D7VNY5;
				INFOPLIST_FILE = "YouTube-Player-iOS-Helper-SampleTests/Info.plist";
				LD_RUNPATH_SEARCH_PATHS = "$(inherited) @executable_path/Frameworks @loader_path/Frameworks";
				PRODUCT_BUNDLE_IDENTIFIER = "Miyazaki-Kazuma.YouTube-Player-iOS-Helper-SampleTests";
				PRODUCT_NAME = "$(TARGET_NAME)";
				SWIFT_VERSION = 3.0;
				TEST_HOST = "$(BUILT_PRODUCTS_DIR)/YouTube-Player-iOS-Helper-Sample.app/YouTube-Player-iOS-Helper-Sample";
			};
			name = Debug;
		};
		9A4F9EBB1EF50B89000EDBD4 /* Release */ = {
			isa = XCBuildConfiguration;
			buildSettings = {
				ALWAYS_EMBED_SWIFT_STANDARD_LIBRARIES = YES;
				BUNDLE_LOADER = "$(TEST_HOST)";
				DEVELOPMENT_TEAM = HAM5D7VNY5;
				INFOPLIST_FILE = "YouTube-Player-iOS-Helper-SampleTests/Info.plist";
				LD_RUNPATH_SEARCH_PATHS = "$(inherited) @executable_path/Frameworks @loader_path/Frameworks";
				PRODUCT_BUNDLE_IDENTIFIER = "Miyazaki-Kazuma.YouTube-Player-iOS-Helper-SampleTests";
				PRODUCT_NAME = "$(TARGET_NAME)";
				SWIFT_VERSION = 3.0;
				TEST_HOST = "$(BUILT_PRODUCTS_DIR)/YouTube-Player-iOS-Helper-Sample.app/YouTube-Player-iOS-Helper-Sample";
			};
			name = Release;
		};
		9A4F9EBD1EF50B89000EDBD4 /* Debug */ = {
			isa = XCBuildConfiguration;
			buildSettings = {
				ALWAYS_EMBED_SWIFT_STANDARD_LIBRARIES = YES;
				DEVELOPMENT_TEAM = HAM5D7VNY5;
				INFOPLIST_FILE = "YouTube-Player-iOS-Helper-SampleUITests/Info.plist";
				LD_RUNPATH_SEARCH_PATHS = "$(inherited) @executable_path/Frameworks @loader_path/Frameworks";
				PRODUCT_BUNDLE_IDENTIFIER = "Miyazaki-Kazuma.YouTube-Player-iOS-Helper-SampleUITests";
				PRODUCT_NAME = "$(TARGET_NAME)";
				SWIFT_VERSION = 3.0;
				TEST_TARGET_NAME = "YouTube-Player-iOS-Helper-Sample";
			};
			name = Debug;
		};
		9A4F9EBE1EF50B89000EDBD4 /* Release */ = {
			isa = XCBuildConfiguration;
			buildSettings = {
				ALWAYS_EMBED_SWIFT_STANDARD_LIBRARIES = YES;
				DEVELOPMENT_TEAM = HAM5D7VNY5;
				INFOPLIST_FILE = "YouTube-Player-iOS-Helper-SampleUITests/Info.plist";
				LD_RUNPATH_SEARCH_PATHS = "$(inherited) @executable_path/Frameworks @loader_path/Frameworks";
				PRODUCT_BUNDLE_IDENTIFIER = "Miyazaki-Kazuma.YouTube-Player-iOS-Helper-SampleUITests";
				PRODUCT_NAME = "$(TARGET_NAME)";
				SWIFT_VERSION = 3.0;
				TEST_TARGET_NAME = "YouTube-Player-iOS-Helper-Sample";
			};
			name = Release;
		};
/* End XCBuildConfiguration section */

/* Begin XCConfigurationList section */
		9A4F9E891EF50B89000EDBD4 /* Build configuration list for PBXProject "YouTube-Player-iOS-Helper-Sample" */ = {
			isa = XCConfigurationList;
			buildConfigurations = (
				9A4F9EB41EF50B89000EDBD4 /* Debug */,
				9A4F9EB51EF50B89000EDBD4 /* Release */,
			);
			defaultConfigurationIsVisible = 0;
			defaultConfigurationName = Release;
		};
		9A4F9EB61EF50B89000EDBD4 /* Build configuration list for PBXNativeTarget "YouTube-Player-iOS-Helper-Sample" */ = {
			isa = XCConfigurationList;
			buildConfigurations = (
				9A4F9EB71EF50B89000EDBD4 /* Debug */,
				9A4F9EB81EF50B89000EDBD4 /* Release */,
			);
			defaultConfigurationIsVisible = 0;
			defaultConfigurationName = Release;
		};
		9A4F9EB91EF50B89000EDBD4 /* Build configuration list for PBXNativeTarget "YouTube-Player-iOS-Helper-SampleTests" */ = {
			isa = XCConfigurationList;
			buildConfigurations = (
				9A4F9EBA1EF50B89000EDBD4 /* Debug */,
				9A4F9EBB1EF50B89000EDBD4 /* Release */,
			);
			defaultConfigurationIsVisible = 0;
			defaultConfigurationName = Release;
		};
		9A4F9EBC1EF50B89000EDBD4 /* Build configuration list for PBXNativeTarget "YouTube-Player-iOS-Helper-SampleUITests" */ = {
			isa = XCConfigurationList;
			buildConfigurations = (
				9A4F9EBD1EF50B89000EDBD4 /* Debug */,
				9A4F9EBE1EF50B89000EDBD4 /* Release */,
			);
			defaultConfigurationIsVisible = 0;
			defaultConfigurationName = Release;
		};
/* End XCConfigurationList section */
	};
	rootObject = 9A4F9E861EF50B89000EDBD4 /* Project object */;
}
